// !$*UTF8*$!
{
	archiveVersion = 1;
	classes = {
	};
	objectVersion = 56;
	objects = {

/* Begin PBXBuildFile section */
		A1000001 /* RoomiesApp.swift in Sources */ = {isa = PBXBuildFile; fileRef = B1000001 /* RoomiesApp.swift */; };
		A1000002 /* ContentView.swift in Sources */ = {isa = PBXBuildFile; fileRef = B1000002 /* ContentView.swift */; };
		A1000003 /* Assets.xcassets in Resources */ = {isa = PBXBuildFile; fileRef = B1000003 /* Assets.xcassets */; };
		A1000004 /* Preview Assets.xcassets in Resources */ = {isa = PBXBuildFile; fileRef = B1000004 /* Preview Assets.xcassets */; };
		A1000005 /* HouseholdModel.xcdatamodel in Sources */ = {isa = PBXBuildFile; fileRef = B1000005 /* HouseholdModel.xcdatamodel */; };
		A1000006 /* PersistenceController.swift in Sources */ = {isa = PBXBuildFile; fileRef = B1000006 /* PersistenceController.swift */; };
		A1000007 /* AuthenticationManager.swift in Sources */ = {isa = PBXBuildFile; fileRef = B1000007 /* AuthenticationManager.swift */; };
		A1000008 /* AnalyticsManager.swift in Sources */ = {isa = PBXBuildFile; fileRef = B1000008 /* AnalyticsManager.swift */; };
		A1000009 /* CalendarManager.swift in Sources */ = {isa = PBXBuildFile; fileRef = B1000009 /* CalendarManager.swift */; };
		A1000010 /* GameificationManager.swift in Sources */ = {isa = PBXBuildFile; fileRef = B1000010 /* GameificationManager.swift */; };
		A1000011 /* LocalizationManager.swift in Sources */ = {isa = PBXBuildFile; fileRef = B1000011 /* LocalizationManager.swift */; };
		A1000012 /* LoggingManager.swift in Sources */ = {isa = PBXBuildFile; fileRef = B1000012 /* LoggingManager.swift */; };
		A1000013 /* NotificationManager.swift in Sources */ = {isa = PBXBuildFile; fileRef = B1000013 /* NotificationManager.swift */; };
		A1000014 /* PerformanceManager.swift in Sources */ = {isa = PBXBuildFile; fileRef = B1000014 /* PerformanceManager.swift */; };
		A1000015 /* SampleDataManager.swift in Sources */ = {isa = PBXBuildFile; fileRef = B1000015 /* SampleDataManager.swift */; };
		A1000016 /* RoomiesWidget.swift in Sources */ = {isa = PBXBuildFile; fileRef = B1000016 /* RoomiesWidget.swift */; };
		A1000017 /* AuthenticationView.swift in Sources */ = {isa = PBXBuildFile; fileRef = B1000017 /* AuthenticationView.swift */; };
		A1000018 /* OnboardingView.swift in Sources */ = {isa = PBXBuildFile; fileRef = B1000018 /* OnboardingView.swift */; };
		A1000019 /* MainTabView.swift in Sources */ = {isa = PBXBuildFile; fileRef = B1000019 /* MainTabView.swift */; };
		A1000020 /* DashboardView.swift in Sources */ = {isa = PBXBuildFile; fileRef = B1000020 /* DashboardView.swift */; };
		A1000021 /* TasksView.swift in Sources */ = {isa = PBXBuildFile; fileRef = B1000021 /* TasksView.swift */; };
		A1000022 /* AddTaskView.swift in Sources */ = {isa = PBXBuildFile; fileRef = B1000022 /* AddTaskView.swift */; };
		A1000023 /* StoreView.swift in Sources */ = {isa = PBXBuildFile; fileRef = B1000023 /* StoreView.swift */; };
		A1000024 /* AddRewardView.swift in Sources */ = {isa = PBXBuildFile; fileRef = B1000024 /* AddRewardView.swift */; };
		A1000025 /* ChallengesView.swift in Sources */ = {isa = PBXBuildFile; fileRef = B1000025 /* ChallengesView.swift */; };
		A1000026 /* AddChallengeView.swift in Sources */ = {isa = PBXBuildFile; fileRef = B1000026 /* AddChallengeView.swift */; };
		A1000027 /* LeaderboardView.swift in Sources */ = {isa = PBXBuildFile; fileRef = B1000027 /* LeaderboardView.swift */; };
		A1000028 /* AnalyticsView.swift in Sources */ = {isa = PBXBuildFile; fileRef = B1000028 /* AnalyticsView.swift */; };
		A1000029 /* ProfileView.swift in Sources */ = {isa = PBXBuildFile; fileRef = B1000029 /* ProfileView.swift */; };
		A1000030 /* SettingsView.swift in Sources */ = {isa = PBXBuildFile; fileRef = B1000030 /* SettingsView.swift */; };
		A1000031 /* StatisticsView.swift in Sources */ = {isa = PBXBuildFile; fileRef = B1000031 /* StatisticsView.swift */; };
		A1000032 /* HouseholdManagerView.swift in Sources */ = {isa = PBXBuildFile; fileRef = B1000032 /* HouseholdManagerView.swift */; };
		A1000033 /* CreateHouseholdView.swift in Sources */ = {isa = PBXBuildFile; fileRef = B1000033 /* CreateHouseholdView.swift */; };
		A1000034 /* JoinHouseholdView.swift in Sources */ = {isa = PBXBuildFile; fileRef = B1000034 /* JoinHouseholdView.swift */; };
		A1000035 /* CalendarSettingsView.swift in Sources */ = {isa = PBXBuildFile; fileRef = B1000035 /* CalendarSettingsView.swift */; };
		A1000036 /* PerformanceMonitorView.swift in Sources */ = {isa = PBXBuildFile; fileRef = B1000036 /* PerformanceMonitorView.swift */; };
		A1000037 /* AppIconView.swift in Sources */ = {isa = PBXBuildFile; fileRef = B1000037 /* AppIconView.swift */; };
		A1000038 /* QRCodeView.swift in Sources */ = {isa = PBXBuildFile; fileRef = B1000038 /* QRCodeView.swift */; };
		A1000039 /* InviteMemberView.swift in Sources */ = {isa = PBXBuildFile; fileRef = B1000039 /* InviteMemberView.swift */; };
		A1000040 /* LazyStoreView.swift in Sources */ = {isa = PBXBuildFile; fileRef = B1000040 /* LazyStoreView.swift */; };
		A1000041 /* PremiumAudioHapticSystem.swift in Sources */ = {isa = PBXBuildFile; fileRef = B1000041 /* PremiumAudioHapticSystem.swift */; };
		A1000042 /* PremiumStoreView.swift in Sources */ = {isa = PBXBuildFile; fileRef = B1000045 /* PremiumStoreView.swift */; };
		A1000043 /* PremiumStoreComponents.swift in Sources */ = {isa = PBXBuildFile; fileRef = B1000046 /* PremiumStoreComponents.swift */; };
 		A1000044 /* IntegratedAuthenticationManager.swift in Sources */ = {isa = PBXBuildFile; fileRef = B1000047 /* IntegratedAuthenticationManager.swift */; };
 		A1000045 /* NetworkManager.swift in Sources */ = {isa = PBXBuildFile; fileRef = B1000048 /* NetworkManager.swift */; };
 		A1000046 /* MockURLProtocol.swift in Sources */ = {isa = PBXBuildFile; fileRef = B1000049 /* MockURLProtocol.swift */; };
 		A1000047 /* AppConfig.swift in Sources */ = {isa = PBXBuildFile; fileRef = B1000050 /* AppConfig.swift */; };
 		A1000048 /* PremiumDesignSystem.swift in Sources */ = {isa = PBXBuildFile; fileRef = B1000051 /* PremiumDesignSystem.swift */; };
 		A1000049 /* PremiumLoadingStates.swift in Sources */ = {isa = PBXBuildFile; fileRef = B1000052 /* PremiumLoadingStates.swift */; };
		A1000050 /* PremiumScreenBackground.swift in Sources */ = {isa = PBXBuildFile; fileRef = B1000053 /* PremiumScreenBackground.swift */; };
		A1000052 /* EnhancedAudioSystem.swift in Sources */ = {isa = PBXBuildFile; fileRef = B1000055 /* EnhancedAudioSystem.swift */; };
		A1000051 /* SkeletonLoadingViews.swift in Sources */ = {isa = PBXBuildFile; fileRef = B1000054 /* SkeletonLoadingViews.swift */; };
		A1000053 /* IntegratedTaskManager.swift in Sources */ = {isa = PBXBuildFile; fileRef = B1000056 /* IntegratedTaskManager.swift */; };
		A1000054 /* HouseholdSSEService.swift in Sources */ = {isa = PBXBuildFile; fileRef = B1000057 /* HouseholdSSEService.swift */; };
/*		A1000055 */
/* End PBXBuildFile section */

/* Begin PBXFileReference section */
		B0000001 /* Roomies.app */ = {isa = PBXFileReference; explicitFileType = wrapper.application; includeInIndex = 0; path = Roomies.app; sourceTree = BUILT_PRODUCTS_DIR; };
		B1000001 /* RoomiesApp.swift */ = {isa = PBXFileReference; lastKnownFileType = sourcecode.swift; path = RoomiesApp.swift; sourceTree = "<group>"; };
		B1000002 /* ContentView.swift */ = {isa = PBXFileReference; lastKnownFileType = sourcecode.swift; path = ContentView.swift; sourceTree = "<group>"; };
		B1000003 /* Assets.xcassets */ = {isa = PBXFileReference; lastKnownFileType = folder.assetcatalog; path = Assets.xcassets; sourceTree = "<group>"; };
		B1000004 /* Preview Assets.xcassets */ = {isa = PBXFileReference; lastKnownFileType = folder.assetcatalog; path = "Preview Assets.xcassets"; sourceTree = "<group>"; };
		B1000005 /* HouseholdModel.xcdatamodel */ = {isa = PBXFileReference; lastKnownFileType = wrapper.xcdatamodel; path = HouseholdModel.xcdatamodel; sourceTree = "<group>"; };
		B1000006 /* PersistenceController.swift */ = {isa = PBXFileReference; lastKnownFileType = sourcecode.swift; path = PersistenceController.swift; sourceTree = "<group>"; };
		B1000007 /* AuthenticationManager.swift */ = {isa = PBXFileReference; lastKnownFileType = sourcecode.swift; path = AuthenticationManager.swift; sourceTree = "<group>"; };
		B1000008 /* AnalyticsManager.swift */ = {isa = PBXFileReference; lastKnownFileType = sourcecode.swift; path = AnalyticsManager.swift; sourceTree = "<group>"; };
		B1000009 /* CalendarManager.swift */ = {isa = PBXFileReference; lastKnownFileType = sourcecode.swift; path = CalendarManager.swift; sourceTree = "<group>"; };
		B1000010 /* GameificationManager.swift */ = {isa = PBXFileReference; lastKnownFileType = sourcecode.swift; path = GameificationManager.swift; sourceTree = "<group>"; };
		B1000011 /* LocalizationManager.swift */ = {isa = PBXFileReference; lastKnownFileType = sourcecode.swift; path = LocalizationManager.swift; sourceTree = "<group>"; };
		B1000012 /* LoggingManager.swift */ = {isa = PBXFileReference; lastKnownFileType = sourcecode.swift; path = LoggingManager.swift; sourceTree = "<group>"; };
		B1000013 /* NotificationManager.swift */ = {isa = PBXFileReference; lastKnownFileType = sourcecode.swift; path = NotificationManager.swift; sourceTree = "<group>"; };
		B1000014 /* PerformanceManager.swift */ = {isa = PBXFileReference; lastKnownFileType = sourcecode.swift; path = PerformanceManager.swift; sourceTree = "<group>"; };
		B1000015 /* SampleDataManager.swift */ = {isa = PBXFileReference; lastKnownFileType = sourcecode.swift; path = SampleDataManager.swift; sourceTree = "<group>"; };
		B1000016 /* RoomiesWidget.swift */ = {isa = PBXFileReference; lastKnownFileType = sourcecode.swift; path = RoomiesWidget.swift; sourceTree = "<group>"; };
		B1000017 /* AuthenticationView.swift */ = {isa = PBXFileReference; lastKnownFileType = sourcecode.swift; path = AuthenticationView.swift; sourceTree = "<group>"; };
		B1000018 /* OnboardingView.swift */ = {isa = PBXFileReference; lastKnownFileType = sourcecode.swift; path = OnboardingView.swift; sourceTree = "<group>"; };
		B1000019 /* MainTabView.swift */ = {isa = PBXFileReference; lastKnownFileType = sourcecode.swift; path = MainTabView.swift; sourceTree = "<group>"; };
		B1000020 /* DashboardView.swift */ = {isa = PBXFileReference; lastKnownFileType = sourcecode.swift; path = DashboardView.swift; sourceTree = "<group>"; };
		B1000021 /* TasksView.swift */ = {isa = PBXFileReference; lastKnownFileType = sourcecode.swift; path = TasksView.swift; sourceTree = "<group>"; };
		B1000022 /* AddTaskView.swift */ = {isa = PBXFileReference; lastKnownFileType = sourcecode.swift; path = AddTaskView.swift; sourceTree = "<group>"; };
		B1000023 /* StoreView.swift */ = {isa = PBXFileReference; lastKnownFileType = sourcecode.swift; path = StoreView.swift; sourceTree = "<group>"; };
		B1000024 /* AddRewardView.swift */ = {isa = PBXFileReference; lastKnownFileType = sourcecode.swift; path = AddRewardView.swift; sourceTree = "<group>"; };
		B1000025 /* ChallengesView.swift */ = {isa = PBXFileReference; lastKnownFileType = sourcecode.swift; path = ChallengesView.swift; sourceTree = "<group>"; };
		B1000026 /* AddChallengeView.swift */ = {isa = PBXFileReference; lastKnownFileType = sourcecode.swift; path = AddChallengeView.swift; sourceTree = "<group>"; };
		B1000027 /* LeaderboardView.swift */ = {isa = PBXFileReference; lastKnownFileType = sourcecode.swift; path = LeaderboardView.swift; sourceTree = "<group>"; };
		B1000028 /* AnalyticsView.swift */ = {isa = PBXFileReference; lastKnownFileType = sourcecode.swift; path = AnalyticsView.swift; sourceTree = "<group>"; };
		B1000029 /* ProfileView.swift */ = {isa = PBXFileReference; lastKnownFileType = sourcecode.swift; path = ProfileView.swift; sourceTree = "<group>"; };
		B1000030 /* SettingsView.swift */ = {isa = PBXFileReference; lastKnownFileType = sourcecode.swift; path = SettingsView.swift; sourceTree = "<group>"; };
		B1000031 /* StatisticsView.swift */ = {isa = PBXFileReference; lastKnownFileType = sourcecode.swift; path = StatisticsView.swift; sourceTree = "<group>"; };
		B1000032 /* HouseholdManagerView.swift */ = {isa = PBXFileReference; lastKnownFileType = sourcecode.swift; path = HouseholdManagerView.swift; sourceTree = "<group>"; };
		B1000033 /* CreateHouseholdView.swift */ = {isa = PBXFileReference; lastKnownFileType = sourcecode.swift; path = CreateHouseholdView.swift; sourceTree = "<group>"; };
		B1000034 /* JoinHouseholdView.swift */ = {isa = PBXFileReference; lastKnownFileType = sourcecode.swift; path = JoinHouseholdView.swift; sourceTree = "<group>"; };
		B1000035 /* CalendarSettingsView.swift */ = {isa = PBXFileReference; lastKnownFileType = sourcecode.swift; path = CalendarSettingsView.swift; sourceTree = "<group>"; };
		B1000036 /* PerformanceMonitorView.swift */ = {isa = PBXFileReference; lastKnownFileType = sourcecode.swift; path = PerformanceMonitorView.swift; sourceTree = "<group>"; };
		B1000037 /* AppIconView.swift */ = {isa = PBXFileReference; lastKnownFileType = sourcecode.swift; path = AppIconView.swift; sourceTree = "<group>"; };
		B1000038 /* QRCodeView.swift */ = {isa = PBXFileReference; lastKnownFileType = sourcecode.swift; path = QRCodeView.swift; sourceTree = "<group>"; };
		B1000039 /* InviteMemberView.swift */ = {isa = PBXFileReference; lastKnownFileType = sourcecode.swift; path = InviteMemberView.swift; sourceTree = "<group>"; };
		B1000040 /* LazyStoreView.swift */ = {isa = PBXFileReference; lastKnownFileType = sourcecode.swift; path = LazyStoreView.swift; sourceTree = "<group>"; };
		B1000041 /* PremiumAudioHapticSystem.swift */ = {isa = PBXFileReference; lastKnownFileType = sourcecode.swift; path = PremiumAudioHapticSystem.swift; sourceTree = "<group>"; };
		B1000042 /* Info.plist */ = {isa = PBXFileReference; lastKnownFileType = text.plist.xml; path = Info.plist; sourceTree = "<group>"; };
		B1000043 /* HouseholdApp.entitlements */ = {isa = PBXFileReference; lastKnownFileType = text.plist.entitlements; path = HouseholdApp.entitlements; sourceTree = "<group>"; };
		B1000045 /* PremiumStoreView.swift */ = {isa = PBXFileReference; lastKnownFileType = sourcecode.swift; path = PremiumStoreView.swift; sourceTree = "<group>"; };
		B1000046 /* PremiumStoreComponents.swift */ = {isa = PBXFileReference; lastKnownFileType = sourcecode.swift; path = PremiumStoreComponents.swift; sourceTree = "<group>"; };
 		B1000047 /* IntegratedAuthenticationManager.swift */ = {isa = PBXFileReference; lastKnownFileType = sourcecode.swift; path = IntegratedAuthenticationManager.swift; sourceTree = "<group>"; };
 		B1000048 /* NetworkManager.swift */ = {isa = PBXFileReference; lastKnownFileType = sourcecode.swift; path = NetworkManager.swift; sourceTree = "<group>"; };
 		B1000049 /* MockURLProtocol.swift */ = {isa = PBXFileReference; lastKnownFileType = sourcecode.swift; path = MockURLProtocol.swift; sourceTree = "<group>"; };
 		B1000050 /* AppConfig.swift */ = {isa = PBXFileReference; lastKnownFileType = sourcecode.swift; path = AppConfig.swift; sourceTree = "<group>"; };
 		B1000051 /* PremiumDesignSystem.swift */ = {isa = PBXFileReference; lastKnownFileType = sourcecode.swift; path = PremiumDesignSystem.swift; sourceTree = "<group>"; };
 		B1000052 /* PremiumLoadingStates.swift */ = {isa = PBXFileReference; lastKnownFileType = sourcecode.swift; path = PremiumLoadingStates.swift; sourceTree = "<group>"; };
		B1000053 /* PremiumScreenBackground.swift */ = {isa = PBXFileReference; lastKnownFileType = sourcecode.swift; path = PremiumScreenBackground.swift; sourceTree = "<group>"; };
		B1000054 /* SkeletonLoadingViews.swift */ = {isa = PBXFileReference; lastKnownFileType = sourcecode.swift; path = SkeletonLoadingViews.swift; sourceTree = "<group>"; };
		B1000055 /* EnhancedAudioSystem.swift */ = {isa = PBXFileReference; lastKnownFileType = sourcecode.swift; path = EnhancedAudioSystem.swift; sourceTree = "<group>"; };
		B1000056 /* IntegratedTaskManager.swift */ = {isa = PBXFileReference; lastKnownFileType = sourcecode.swift; path = IntegratedTaskManager.swift; sourceTree = "<group>"; };
		B1000057 /* HouseholdSSEService.swift */ = {isa = PBXFileReference; lastKnownFileType = sourcecode.swift; path = HouseholdSSEService.swift; sourceTree = "<group>"; };
/*		B1000058 */
/* End PBXFileReference section */

/* Begin PBXFrameworksBuildPhase section */
		C0000001 /* Frameworks */ = {
			isa = PBXFrameworksBuildPhase;
			buildActionMask = 2147483647;
			files = (
			);
			runOnlyForDeploymentPostprocessing = 0;
		};
/* End PBXFrameworksBuildPhase section */

/* Begin PBXGroup section */
		D0000001 = {
			isa = PBXGroup;
			children = (
				D0000002 /* HouseholdApp */,
				D0000003 /* Products */,
			);
			sourceTree = "<group>";
		};
		D0000002 /* HouseholdApp */ = {
			isa = PBXGroup;
			children = (
				B1000001 /* RoomiesApp.swift */,
				B1000043 /* HouseholdApp.entitlements */,
				B1000042 /* Info.plist */,
				B1000003 /* Assets.xcassets */,
				B1000044 /* HouseholdModel.xcdatamodeld */,
 				D0000020 /* Configuration */,
				D0000004 /* Models */,
				D0000005 /* Services */,
				D0000006 /* Views */,
 				D0000021 /* DesignSystem */,
				D0000007 /* Widgets */,
				D0000008 /* Preview Content */,
			);
			path = HouseholdApp;
			sourceTree = "<group>";
		};
		D0000003 /* Products */ = {
			isa = PBXGroup;
			children = (
				B0000001 /* Roomies.app */,
			);
			name = Products;
			sourceTree = "<group>";
		};
		D0000004 /* Models */ = {
			isa = PBXGroup;
			children = (
				B1000006 /* PersistenceController.swift */,
			);
			path = Models;
			sourceTree = "<group>";
		};
		D0000005 /* Services */ = {
			isa = PBXGroup;
			children = (
				B1000007 /* AuthenticationManager.swift */,
				B1000008 /* AnalyticsManager.swift */,
				B1000009 /* CalendarManager.swift */,
				B1000010 /* GameificationManager.swift */,
				B1000011 /* LocalizationManager.swift */,
				B1000012 /* LoggingManager.swift */,
				B1000013 /* NotificationManager.swift */,
				B1000014 /* PerformanceManager.swift */,
				B1000041 /* PremiumAudioHapticSystem.swift */,
				B1000015 /* SampleDataManager.swift */,
 				B1000048 /* NetworkManager.swift */,
 				B1000049 /* MockURLProtocol.swift */,
 				B1000047 /* IntegratedAuthenticationManager.swift */,
				B1000055 /* EnhancedAudioSystem.swift */,
				B1000056 /* IntegratedTaskManager.swift */,
				B1000057 /* HouseholdSSEService.swift */,
			);
			path = Services;
			sourceTree = "<group>";
		};
 		D0000020 /* Configuration */ = {
 			isa = PBXGroup;
 			children = (
 				B1000050 /* AppConfig.swift */,
 			);
 			path = Configuration;
 			sourceTree = "<group>";
 		};
		D0000006 /* Views */ = {
			isa = PBXGroup;
			children = (
				D0000009 /* Authentication */,
				D0000010 /* Onboarding */,
				D0000011 /* Main */,
				D0000012 /* Dashboard */,
				D0000013 /* Tasks */,
				D0000014 /* Store */,
				D0000015 /* Challenges */,
				D0000016 /* Leaderboard */,
				D0000017 /* Analytics */,
				D0000018 /* Profile */,
				D0000019 /* Shared */,
			);
			path = Views;
			sourceTree = "<group>";
		};
		D0000007 /* Widgets */ = {
			isa = PBXGroup;
			children = (
				B1000016 /* RoomiesWidget.swift */,
			);
			path = Widgets;
			sourceTree = "<group>";
		};
		D0000008 /* Preview Content */ = {
			isa = PBXGroup;
			children = (
				B1000004 /* Preview Assets.xcassets */,
			);
			path = "Preview Content";
			sourceTree = "<group>";
		};
		D0000009 /* Authentication */ = {
			isa = PBXGroup;
			children = (
				B1000017 /* AuthenticationView.swift */,
			);
			path = Authentication;
			sourceTree = "<group>";
		};
		D0000010 /* Onboarding */ = {
			isa = PBXGroup;
			children = (
				B1000018 /* OnboardingView.swift */,
			);
			path = Onboarding;
			sourceTree = "<group>";
		};
		D0000011 /* Main */ = {
			isa = PBXGroup;
			children = (
				B1000002 /* ContentView.swift */,
				B1000019 /* MainTabView.swift */,
			);
			path = Main;
			sourceTree = "<group>";
		};
		D0000012 /* Dashboard */ = {
			isa = PBXGroup;
			children = (
				B1000020 /* DashboardView.swift */,
			);
			path = Dashboard;
			sourceTree = "<group>";
		};
		D0000013 /* Tasks */ = {
			isa = PBXGroup;
			children = (
				B1000021 /* TasksView.swift */,
				B1000022 /* AddTaskView.swift */,
			);
			path = Tasks;
			sourceTree = "<group>";
		};
		D0000014 /* Store */ = {
			isa = PBXGroup;
			children = (
				B1000023 /* StoreView.swift */,
				B1000024 /* AddRewardView.swift */,
				B1000040 /* LazyStoreView.swift */,
				B1000045 /* PremiumStoreView.swift */,
				B1000046 /* PremiumStoreComponents.swift */,
			);
			path = Store;
			sourceTree = "<group>";
		};
 		D0000021 /* DesignSystem */ = {
 			isa = PBXGroup;
 			children = (
 				B1000051 /* PremiumDesignSystem.swift */,
 				B1000052 /* PremiumLoadingStates.swift */,
				B1000053 /* PremiumScreenBackground.swift */,
 			);
 			path = DesignSystem;
 			sourceTree = "<group>";
 		};
		D0000015 /* Challenges */ = {
			isa = PBXGroup;
			children = (
				B1000025 /* ChallengesView.swift */,
				B1000026 /* AddChallengeView.swift */,
			);
			path = Challenges;
			sourceTree = "<group>";
		};
		D0000016 /* Leaderboard */ = {
			isa = PBXGroup;
			children = (
				B1000027 /* LeaderboardView.swift */,
			);
			path = Leaderboard;
			sourceTree = "<group>";
		};
		D0000017 /* Analytics */ = {
			isa = PBXGroup;
			children = (
				B1000028 /* AnalyticsView.swift */,
			);
			path = Analytics;
			sourceTree = "<group>";
		};
		D0000018 /* Profile */ = {
			isa = PBXGroup;
			children = (
				B1000029 /* ProfileView.swift */,
				B1000030 /* SettingsView.swift */,
				B1000031 /* StatisticsView.swift */,
				B1000032 /* HouseholdManagerView.swift */,
				B1000033 /* CreateHouseholdView.swift */,
				B1000034 /* JoinHouseholdView.swift */,
				B1000035 /* CalendarSettingsView.swift */,
				B1000036 /* PerformanceMonitorView.swift */,
			);
			path = Profile;
			sourceTree = "<group>";
		};
		D0000019 /* Shared */ = {
			isa = PBXGroup;
			children = (
				B1000037 /* AppIconView.swift */,
				B1000038 /* QRCodeView.swift */,
				B1000039 /* InviteMemberView.swift */,
				B1000054 /* SkeletonLoadingViews.swift */,
			);
			path = Shared;
			sourceTree = "<group>";
		};
/* End PBXGroup section */

/* Begin PBXNativeTarget section */
		E0000001 /* HouseholdApp */ = {
			isa = PBXNativeTarget;
			buildConfigurationList = E0000002 /* Build configuration list for PBXNativeTarget "HouseholdApp" */;
			buildPhases = (
				F0000001 /* Sources */,
				C0000001 /* Frameworks */,
				F0000002 /* Resources */,
			);
			buildRules = (
			);
			dependencies = (
			);
			name = HouseholdApp;
			productName = HouseholdApp;
			productReference = B0000001 /* Roomies.app */;
			productType = "com.apple.product-type.application";
		};
/* End PBXNativeTarget section */

/* Begin PBXProject section */
		G0000001 /* Project object */ = {
			isa = PBXProject;
			attributes = {
				BuildIndependentTargetsInParallel = 1;
				LastSwiftUpdateCheck = 1640;
				LastUpgradeCheck = 1640;
				TargetAttributes = {
					E0000001 = {
						CreatedOnToolsVersion = 16.4;
					};
				};
			};
			buildConfigurationList = G0000002 /* Build configuration list for PBXProject "HouseholdApp" */;
			compatibilityVersion = "Xcode 14.0";
			developmentRegion = en;
			hasScannedForEncodings = 0;
			knownRegions = (
				en,
				de,
			);
			mainGroup = D0000001;
			productRefGroup = D0000003 /* Products */;
			projectDirPath = "";
			projectRoot = "";
			targets = (
				E0000001 /* HouseholdApp */,
			);
		};
/* End PBXProject section */

/* Begin PBXResourcesBuildPhase section */
		F0000002 /* Resources */ = {
			isa = PBXResourcesBuildPhase;
			buildActionMask = 2147483647;
			files = (
				A1000004 /* Preview Assets.xcassets in Resources */,
				A1000003 /* Assets.xcassets in Resources */,
			);
			runOnlyForDeploymentPostprocessing = 0;
		};
/* End PBXResourcesBuildPhase section */

/* Begin PBXSourcesBuildPhase section */
		F0000001 /* Sources */ = {
			isa = PBXSourcesBuildPhase;
			buildActionMask = 2147483647;
			files = (
				A1000001 /* RoomiesApp.swift in Sources */,
				A1000002 /* ContentView.swift in Sources */,
				A1000005 /* HouseholdModel.xcdatamodel in Sources */,
				A1000006 /* PersistenceController.swift in Sources */,
				A1000007 /* AuthenticationManager.swift in Sources */,
				A1000008 /* AnalyticsManager.swift in Sources */,
				A1000009 /* CalendarManager.swift in Sources */,
				A1000010 /* GameificationManager.swift in Sources */,
				A1000011 /* LocalizationManager.swift in Sources */,
				A1000012 /* LoggingManager.swift in Sources */,
				A1000013 /* NotificationManager.swift in Sources */,
				A1000014 /* PerformanceManager.swift in Sources */,
				A1000015 /* SampleDataManager.swift in Sources */,
				A1000016 /* RoomiesWidget.swift in Sources */,
				A1000017 /* AuthenticationView.swift in Sources */,
				A1000018 /* OnboardingView.swift in Sources */,
				A1000019 /* MainTabView.swift in Sources */,
				A1000020 /* DashboardView.swift in Sources */,
				A1000021 /* TasksView.swift in Sources */,
				A1000022 /* AddTaskView.swift in Sources */,
				A1000023 /* StoreView.swift in Sources */,
				A1000024 /* AddRewardView.swift in Sources */,
				A1000025 /* ChallengesView.swift in Sources */,
				A1000026 /* AddChallengeView.swift in Sources */,
				A1000027 /* LeaderboardView.swift in Sources */,
				A1000028 /* AnalyticsView.swift in Sources */,
				A1000029 /* ProfileView.swift in Sources */,
				A1000030 /* SettingsView.swift in Sources */,
				A1000031 /* StatisticsView.swift in Sources */,
				A1000032 /* HouseholdManagerView.swift in Sources */,
				A1000033 /* CreateHouseholdView.swift in Sources */,
				A1000034 /* JoinHouseholdView.swift in Sources */,
				A1000035 /* CalendarSettingsView.swift in Sources */,
				A1000036 /* PerformanceMonitorView.swift in Sources */,
				A1000037 /* AppIconView.swift in Sources */,
				A1000038 /* QRCodeView.swift in Sources */,
				A1000039 /* InviteMemberView.swift in Sources */,
				A1000040 /* LazyStoreView.swift in Sources */,
				A1000041 /* PremiumAudioHapticSystem.swift in Sources */,
				A1000042 /* PremiumStoreView.swift in Sources */,
				A1000043 /* PremiumStoreComponents.swift in Sources */,
 				A1000044 /* IntegratedAuthenticationManager.swift in Sources */,
 				A1000045 /* NetworkManager.swift in Sources */,
 				A1000046 /* MockURLProtocol.swift in Sources */,
 				A1000047 /* AppConfig.swift in Sources */,
 				A1000048 /* PremiumDesignSystem.swift in Sources */,
 				A1000049 /* PremiumLoadingStates.swift in Sources */,
				A1000050 /* PremiumScreenBackground.swift in Sources */,
				A1000052 /* EnhancedAudioSystem.swift in Sources */,
				A1000051 /* SkeletonLoadingViews.swift in Sources */,
				A1000053 /* IntegratedTaskManager.swift in Sources */,
				A1000054 /* HouseholdSSEService.swift in Sources */,
			);
			runOnlyForDeploymentPostprocessing = 0;
		};
/* End PBXSourcesBuildPhase section */

/* Begin XCBuildConfiguration section */
		H0000001 /* Debug */ = {
			isa = XCBuildConfiguration;
			buildSettings = {
				ALWAYS_SEARCH_USER_PATHS = NO;
				ASSETCATALOG_COMPILER_GENERATE_SWIFT_ASSET_SYMBOL_EXTENSIONS = YES;
				CLANG_ANALYZER_NONNULL = YES;
				CLANG_ANALYZER_NUMBER_OBJECT_CONVERSION = YES_AGGRESSIVE;
				CLANG_CXX_LANGUAGE_STANDARD = "gnu++20";
				CLANG_ENABLE_MODULES = YES;
				CLANG_ENABLE_OBJC_ARC = YES;
				CLANG_ENABLE_OBJC_WEAK = YES;
				CLANG_WARN_BLOCK_CAPTURE_AUTORELEASING = YES;
				CLANG_WARN_BOOL_CONVERSION = YES;
				CLANG_WARN_COMMA = YES;
				CLANG_WARN_CONSTANT_CONVERSION = YES;
				CLANG_WARN_DEPRECATED_OBJC_IMPLEMENTATIONS = YES;
				CLANG_WARN_DIRECT_OBJC_ISA_USAGE = YES_ERROR;
				CLANG_WARN_DOCUMENTATION_COMMENTS = YES;
				CLANG_WARN_EMPTY_BODY = YES;
				CLANG_WARN_ENUM_CONVERSION = YES;
				CLANG_WARN_INFINITE_RECURSION = YES;
				CLANG_WARN_INT_CONVERSION = YES;
				CLANG_WARN_NON_LITERAL_NULL_CONVERSION = YES;
				CLANG_WARN_OBJC_IMPLICIT_RETAIN_SELF = YES;
				CLANG_WARN_OBJC_LITERAL_CONVERSION = YES;
				CLANG_WARN_OBJC_ROOT_CLASS = YES_ERROR;
				CLANG_WARN_QUOTED_INCLUDE_IN_FRAMEWORK_HEADER = YES;
				CLANG_WARN_RANGE_LOOP_ANALYSIS = YES;
				CLANG_WARN_STRICT_PROTOTYPES = YES;
				CLANG_WARN_SUSPICIOUS_MOVE = YES;
				CLANG_WARN_UNGUARDED_AVAILABILITY = YES_AGGRESSIVE;
				CLANG_WARN_UNREACHABLE_CODE = YES;
				CLANG_WARN__DUPLICATE_METHOD_MATCH = YES;
				COPY_PHASE_STRIP = NO;
				DEBUG_INFORMATION_FORMAT = dwarf;
				ENABLE_STRICT_OBJC_MSGSEND = YES;
				ENABLE_TESTABILITY = YES;
				ENABLE_USER_SCRIPT_SANDBOXING = YES;
				GCC_C_LANGUAGE_STANDARD = gnu17;
				GCC_DYNAMIC_NO_PIC = NO;
				GCC_NO_COMMON_BLOCKS = YES;
				GCC_OPTIMIZATION_LEVEL = 0;
				GCC_PREPROCESSOR_DEFINITIONS = (
					"DEBUG=1",
					"$(inherited)",
				);
				GCC_WARN_64_TO_32_BIT_CONVERSION = YES;
				GCC_WARN_ABOUT_RETURN_TYPE = YES_ERROR;
				GCC_WARN_UNDECLARED_SELECTOR = YES;
				GCC_WARN_UNINITIALIZED_AUTOS = YES_AGGRESSIVE;
				GCC_WARN_UNUSED_FUNCTION = YES;
				GCC_WARN_UNUSED_VARIABLE = YES;
				IPHONEOS_DEPLOYMENT_TARGET = 17.0;
				LOCALIZATION_PREFERS_STRING_CATALOGS = YES;
				MTL_ENABLE_DEBUG_INFO = INCLUDE_SOURCE;
				MTL_FAST_MATH = YES;
				ONLY_ACTIVE_ARCH = YES;
				SDKROOT = iphoneos;
				SWIFT_ACTIVE_COMPILATION_CONDITIONS = "DEBUG $(inherited)";
				SWIFT_OPTIMIZATION_LEVEL = "-Onone";
			};
			name = Debug;
		};
		H0000002 /* Release */ = {
			isa = XCBuildConfiguration;
			buildSettings = {
				ALWAYS_SEARCH_USER_PATHS = NO;
				ASSETCATALOG_COMPILER_GENERATE_SWIFT_ASSET_SYMBOL_EXTENSIONS = YES;
				CLANG_ANALYZER_NONNULL = YES;
				CLANG_ANALYZER_NUMBER_OBJECT_CONVERSION = YES_AGGRESSIVE;
				CLANG_CXX_LANGUAGE_STANDARD = "gnu++20";
				CLANG_ENABLE_MODULES = YES;
				CLANG_ENABLE_OBJC_ARC = YES;
				CLANG_ENABLE_OBJC_WEAK = YES;
				CLANG_WARN_BLOCK_CAPTURE_AUTORELEASING = YES;
				CLANG_WARN_BOOL_CONVERSION = YES;
				CLANG_WARN_COMMA = YES;
				CLANG_WARN_CONSTANT_CONVERSION = YES;
				CLANG_WARN_DEPRECATED_OBJC_IMPLEMENTATIONS = YES;
				CLANG_WARN_DIRECT_OBJC_ISA_USAGE = YES_ERROR;
				CLANG_WARN_DOCUMENTATION_COMMENTS = YES;
				CLANG_WARN_EMPTY_BODY = YES;
				CLANG_WARN_ENUM_CONVERSION = YES;
				CLANG_WARN_INFINITE_RECURSION = YES;
				CLANG_WARN_INT_CONVERSION = YES;
				CLANG_WARN_NON_LITERAL_NULL_CONVERSION = YES;
				CLANG_WARN_OBJC_IMPLICIT_RETAIN_SELF = YES;
				CLANG_WARN_OBJC_LITERAL_CONVERSION = YES;
				CLANG_WARN_OBJC_ROOT_CLASS = YES_ERROR;
				CLANG_WARN_QUOTED_INCLUDE_IN_FRAMEWORK_HEADER = YES;
				CLANG_WARN_RANGE_LOOP_ANALYSIS = YES;
				CLANG_WARN_STRICT_PROTOTYPES = YES;
				CLANG_WARN_SUSPICIOUS_MOVE = YES;
				CLANG_WARN_UNGUARDED_AVAILABILITY = YES_AGGRESSIVE;
				CLANG_WARN_UNREACHABLE_CODE = YES;
				CLANG_WARN__DUPLICATE_METHOD_MATCH = YES;
				COPY_PHASE_STRIP = NO;
				DEBUG_INFORMATION_FORMAT = "dwarf-with-dsym";
				ENABLE_NS_ASSERTIONS = NO;
				ENABLE_STRICT_OBJC_MSGSEND = YES;
				ENABLE_USER_SCRIPT_SANDBOXING = YES;
				GCC_C_LANGUAGE_STANDARD = gnu17;
				GCC_NO_COMMON_BLOCKS = YES;
				GCC_WARN_64_TO_32_BIT_CONVERSION = YES;
				GCC_WARN_ABOUT_RETURN_TYPE = YES_ERROR;
				GCC_WARN_UNDECLARED_SELECTOR = YES;
				GCC_WARN_UNINITIALIZED_AUTOS = YES_AGGRESSIVE;
				GCC_WARN_UNUSED_FUNCTION = YES;
				GCC_WARN_UNUSED_VARIABLE = YES;
				IPHONEOS_DEPLOYMENT_TARGET = 17.0;
				LOCALIZATION_PREFERS_STRING_CATALOGS = YES;
				MTL_ENABLE_DEBUG_INFO = NO;
				MTL_FAST_MATH = YES;
				SDKROOT = iphoneos;
				SWIFT_COMPILATION_MODE = wholemodule;
				VALIDATE_PRODUCT = YES;
			};
			name = Release;
		};
		H0000003 /* Debug */ = {
			isa = XCBuildConfiguration;
			buildSettings = {
				ASSETCATALOG_COMPILER_APPICON_NAME = AppIcon;
				ASSETCATALOG_COMPILER_GLOBAL_ACCENT_COLOR_NAME = AccentColor;
				CODE_SIGN_ENTITLEMENTS = HouseholdApp/HouseholdApp.entitlements;
				CODE_SIGN_STYLE = Automatic;
				CURRENT_PROJECT_VERSION = 1;
				DEVELOPMENT_ASSET_PATHS = "\"HouseholdApp/Preview Content\"";
				DEVELOPMENT_TEAM = UG5LTJ75C7;
				ENABLE_PREVIEWS = YES;
				GENERATE_INFOPLIST_FILE = YES;
				INFOPLIST_FILE = HouseholdApp/Info.plist;
				INFOPLIST_KEY_LSApplicationCategoryType = "public.app-category.productivity";
				INFOPLIST_KEY_UIApplicationSceneManifest_Generation = YES;
				INFOPLIST_KEY_UIApplicationSupportsIndirectInputEvents = YES;
				INFOPLIST_KEY_UILaunchScreen_Generation = YES;
				INFOPLIST_KEY_UISupportedInterfaceOrientations_iPad = "UIInterfaceOrientationPortrait UIInterfaceOrientationPortraitUpsideDown UIInterfaceOrientationLandscapeLeft UIInterfaceOrientationLandscapeRight";
				INFOPLIST_KEY_UISupportedInterfaceOrientations_iPhone = "UIInterfaceOrientationPortrait UIInterfaceOrientationLandscapeLeft UIInterfaceOrientationLandscapeRight";
				LD_RUNPATH_SEARCH_PATHS = (
					"$(inherited)",
					"@executable_path/Frameworks",
				);
				MARKETING_VERSION = 2.0;
				PRODUCT_BUNDLE_IDENTIFIER = com.roomies.HouseholdApp;
				PRODUCT_NAME = Roomies;
				SWIFT_EMIT_LOC_STRINGS = YES;
				SWIFT_VERSION = 5.0;
				TARGETED_DEVICE_FAMILY = "1,2";
			};
			name = Debug;
		};
		H0000004 /* Release */ = {
			isa = XCBuildConfiguration;
			buildSettings = {
				ASSETCATALOG_COMPILER_APPICON_NAME = AppIcon;
				ASSETCATALOG_COMPILER_GLOBAL_ACCENT_COLOR_NAME = AccentColor;
				CODE_SIGN_ENTITLEMENTS = HouseholdApp/HouseholdApp.entitlements;
				CODE_SIGN_STYLE = Automatic;
				CURRENT_PROJECT_VERSION = 1;
				DEVELOPMENT_ASSET_PATHS = "\"HouseholdApp/Preview Content\"";
				DEVELOPMENT_TEAM = UG5LTJ75C7;
				ENABLE_PREVIEWS = YES;
				GENERATE_INFOPLIST_FILE = YES;
				INFOPLIST_FILE = HouseholdApp/Info.plist;
				INFOPLIST_KEY_LSApplicationCategoryType = "public.app-category.productivity";
				INFOPLIST_KEY_UIApplicationSceneManifest_Generation = YES;
				INFOPLIST_KEY_UIApplicationSupportsIndirectInputEvents = YES;
				INFOPLIST_KEY_UILaunchScreen_Generation = YES;
				INFOPLIST_KEY_UISupportedInterfaceOrientations_iPad = "UIInterfaceOrientationPortrait UIInterfaceOrientationPortraitUpsideDown UIInterfaceOrientationLandscapeLeft UIInterfaceOrientationLandscapeRight";
				INFOPLIST_KEY_UISupportedInterfaceOrientations_iPhone = "UIInterfaceOrientationPortrait UIInterfaceOrientationLandscapeLeft UIInterfaceOrientationLandscapeRight";
				LD_RUNPATH_SEARCH_PATHS = (
					"$(inherited)",
					"@executable_path/Frameworks",
				);
				MARKETING_VERSION = 2.0;
				PRODUCT_BUNDLE_IDENTIFIER = com.roomies.HouseholdApp;
				PRODUCT_NAME = Roomies;
				SWIFT_EMIT_LOC_STRINGS = YES;
				SWIFT_VERSION = 5.0;
				TARGETED_DEVICE_FAMILY = "1,2";
				// Prod API endpoints for AWS
				OTHER_SWIFT_FLAGS = (
				);
				// Environment variables (Xcode UI preferred for schemes, but provide defaults here via Info.plist if needed)
			};
			name = Release;
		};
/* End XCBuildConfiguration section */

/* Begin XCConfigurationList section */
		E0000002 /* Build configuration list for PBXNativeTarget "HouseholdApp" */ = {
			isa = XCConfigurationList;
			buildConfigurations = (
				H0000003 /* Debug */,
				H0000004 /* Release */,
			);
			defaultConfigurationIsVisible = 0;
			defaultConfigurationName = Release;
		};
		G0000002 /* Build configuration list for PBXProject "HouseholdApp" */ = {
			isa = XCConfigurationList;
			buildConfigurations = (
				H0000001 /* Debug */,
				H0000002 /* Release */,
			);
			defaultConfigurationIsVisible = 0;
			defaultConfigurationName = Release;
		};
/* End XCConfigurationList section */

/* Begin XCVersionGroup section */
		B1000044 /* HouseholdModel.xcdatamodeld */ = {
			isa = XCVersionGroup;
			children = (
				B1000005 /* HouseholdModel.xcdatamodel */,
			);
			currentVersion = B1000005 /* HouseholdModel.xcdatamodel */;
			path = HouseholdModel.xcdatamodeld;
			sourceTree = "<group>";
			versionGroupType = wrapper.xcdatamodel;
		};
/* End XCVersionGroup section */
	};
	rootObject = G0000001 /* Project object */;
}
